// !$*UTF8*$!
{
	archiveVersion = 1;
	classes = {
	};
	objectVersion = 50;
	objects = {

/* Begin PBXBuildFile section */
		2059A5CF243A64490003F3DE /* AppDelegate.swift in Sources */ = {isa = PBXBuildFile; fileRef = 2059A5CE243A64490003F3DE /* AppDelegate.swift */; };
		2059A5D1243A64490003F3DE /* SceneDelegate.swift in Sources */ = {isa = PBXBuildFile; fileRef = 2059A5D0243A64490003F3DE /* SceneDelegate.swift */; };
		2059A5D3243A64490003F3DE /* ContentView.swift in Sources */ = {isa = PBXBuildFile; fileRef = 2059A5D2243A64490003F3DE /* ContentView.swift */; };
		2059A5D5243A644D0003F3DE /* Assets.xcassets in Resources */ = {isa = PBXBuildFile; fileRef = 2059A5D4243A644D0003F3DE /* Assets.xcassets */; };
		2059A5D8243A644D0003F3DE /* Preview Assets.xcassets in Resources */ = {isa = PBXBuildFile; fileRef = 2059A5D7243A644D0003F3DE /* Preview Assets.xcassets */; };
		2059A5DB243A644D0003F3DE /* LaunchScreen.storyboard in Resources */ = {isa = PBXBuildFile; fileRef = 2059A5D9243A644D0003F3DE /* LaunchScreen.storyboard */; };
		2059A5E6243A644E0003F3DE /* FoodtruckTests.swift in Sources */ = {isa = PBXBuildFile; fileRef = 2059A5E5243A644E0003F3DE /* FoodtruckTests.swift */; };
		2059A5F1243A644E0003F3DE /* FoodtruckUITests.swift in Sources */ = {isa = PBXBuildFile; fileRef = 2059A5F0243A644E0003F3DE /* FoodtruckUITests.swift */; };
/* End PBXBuildFile section */

/* Begin PBXContainerItemProxy section */
		2059A5E2243A644E0003F3DE /* PBXContainerItemProxy */ = {
			isa = PBXContainerItemProxy;
			containerPortal = 2059A5C3243A64490003F3DE /* Project object */;
			proxyType = 1;
			remoteGlobalIDString = 2059A5CA243A64490003F3DE;
			remoteInfo = Foodtruck;
		};
		2059A5ED243A644E0003F3DE /* PBXContainerItemProxy */ = {
			isa = PBXContainerItemProxy;
			containerPortal = 2059A5C3243A64490003F3DE /* Project object */;
			proxyType = 1;
			remoteGlobalIDString = 2059A5CA243A64490003F3DE;
			remoteInfo = Foodtruck;
		};
/* End PBXContainerItemProxy section */

/* Begin PBXFileReference section */
		2059A5CB243A64490003F3DE /* Foodtruck.app */ = {isa = PBXFileReference; explicitFileType = wrapper.application; includeInIndex = 0; path = Foodtruck.app; sourceTree = BUILT_PRODUCTS_DIR; };
		2059A5CE243A64490003F3DE /* AppDelegate.swift */ = {isa = PBXFileReference; lastKnownFileType = sourcecode.swift; path = AppDelegate.swift; sourceTree = "<group>"; };
		2059A5D0243A64490003F3DE /* SceneDelegate.swift */ = {isa = PBXFileReference; lastKnownFileType = sourcecode.swift; path = SceneDelegate.swift; sourceTree = "<group>"; };
		2059A5D2243A64490003F3DE /* ContentView.swift */ = {isa = PBXFileReference; lastKnownFileType = sourcecode.swift; path = ContentView.swift; sourceTree = "<group>"; };
		2059A5D4243A644D0003F3DE /* Assets.xcassets */ = {isa = PBXFileReference; lastKnownFileType = folder.assetcatalog; path = Assets.xcassets; sourceTree = "<group>"; };
		2059A5D7243A644D0003F3DE /* Preview Assets.xcassets */ = {isa = PBXFileReference; lastKnownFileType = folder.assetcatalog; path = "Preview Assets.xcassets"; sourceTree = "<group>"; };
		2059A5DA243A644D0003F3DE /* Base */ = {isa = PBXFileReference; lastKnownFileType = file.storyboard; name = Base; path = Base.lproj/LaunchScreen.storyboard; sourceTree = "<group>"; };
		2059A5DC243A644D0003F3DE /* Info.plist */ = {isa = PBXFileReference; lastKnownFileType = text.plist.xml; path = Info.plist; sourceTree = "<group>"; };
		2059A5E1243A644E0003F3DE /* FoodtruckTests.xctest */ = {isa = PBXFileReference; explicitFileType = wrapper.cfbundle; includeInIndex = 0; path = FoodtruckTests.xctest; sourceTree = BUILT_PRODUCTS_DIR; };
		2059A5E5243A644E0003F3DE /* FoodtruckTests.swift */ = {isa = PBXFileReference; lastKnownFileType = sourcecode.swift; path = FoodtruckTests.swift; sourceTree = "<group>"; };
		2059A5E7243A644E0003F3DE /* Info.plist */ = {isa = PBXFileReference; lastKnownFileType = text.plist.xml; path = Info.plist; sourceTree = "<group>"; };
		2059A5EC243A644E0003F3DE /* FoodtruckUITests.xctest */ = {isa = PBXFileReference; explicitFileType = wrapper.cfbundle; includeInIndex = 0; path = FoodtruckUITests.xctest; sourceTree = BUILT_PRODUCTS_DIR; };
		2059A5F0243A644E0003F3DE /* FoodtruckUITests.swift */ = {isa = PBXFileReference; lastKnownFileType = sourcecode.swift; path = FoodtruckUITests.swift; sourceTree = "<group>"; };
		2059A5F2243A644E0003F3DE /* Info.plist */ = {isa = PBXFileReference; lastKnownFileType = text.plist.xml; path = Info.plist; sourceTree = "<group>"; };
/* End PBXFileReference section */

/* Begin PBXFrameworksBuildPhase section */
		2059A5C8243A64490003F3DE /* Frameworks */ = {
			isa = PBXFrameworksBuildPhase;
			buildActionMask = 2147483647;
			files = (
			);
			runOnlyForDeploymentPostprocessing = 0;
		};
		2059A5DE243A644E0003F3DE /* Frameworks */ = {
			isa = PBXFrameworksBuildPhase;
			buildActionMask = 2147483647;
			files = (
			);
			runOnlyForDeploymentPostprocessing = 0;
		};
		2059A5E9243A644E0003F3DE /* Frameworks */ = {
			isa = PBXFrameworksBuildPhase;
			buildActionMask = 2147483647;
			files = (
			);
			runOnlyForDeploymentPostprocessing = 0;
		};
/* End PBXFrameworksBuildPhase section */

/* Begin PBXGroup section */
		2059A5C2243A64490003F3DE = {
			isa = PBXGroup;
			children = (
				2059A5CD243A64490003F3DE /* Foodtruck */,
				2059A5E4243A644E0003F3DE /* FoodtruckTests */,
				2059A5EF243A644E0003F3DE /* FoodtruckUITests */,
				2059A5CC243A64490003F3DE /* Products */,
			);
			sourceTree = "<group>";
		};
		2059A5CC243A64490003F3DE /* Products */ = {
			isa = PBXGroup;
			children = (
				2059A5CB243A64490003F3DE /* Foodtruck.app */,
				2059A5E1243A644E0003F3DE /* FoodtruckTests.xctest */,
				2059A5EC243A644E0003F3DE /* FoodtruckUITests.xctest */,
			);
			name = Products;
			sourceTree = "<group>";
		};
		2059A5CD243A64490003F3DE /* Foodtruck */ = {
			isa = PBXGroup;
			children = (
				2059A5CE243A64490003F3DE /* AppDelegate.swift */,
				2059A5D0243A64490003F3DE /* SceneDelegate.swift */,
				2059A5D2243A64490003F3DE /* ContentView.swift */,
				2059A5D4243A644D0003F3DE /* Assets.xcassets */,
				2059A5D9243A644D0003F3DE /* LaunchScreen.storyboard */,
				2059A5DC243A644D0003F3DE /* Info.plist */,
				2059A5D6243A644D0003F3DE /* Preview Content */,
			);
			path = Foodtruck;
			sourceTree = "<group>";
		};
		2059A5D6243A644D0003F3DE /* Preview Content */ = {
			isa = PBXGroup;
			children = (
				2059A5D7243A644D0003F3DE /* Preview Assets.xcassets */,
			);
			path = "Preview Content";
			sourceTree = "<group>";
		};
		2059A5E4243A644E0003F3DE /* FoodtruckTests */ = {
			isa = PBXGroup;
			children = (
				2059A5E5243A644E0003F3DE /* FoodtruckTests.swift */,
				2059A5E7243A644E0003F3DE /* Info.plist */,
			);
			path = FoodtruckTests;
			sourceTree = "<group>";
		};
		2059A5EF243A644E0003F3DE /* FoodtruckUITests */ = {
			isa = PBXGroup;
			children = (
				2059A5F0243A644E0003F3DE /* FoodtruckUITests.swift */,
				2059A5F2243A644E0003F3DE /* Info.plist */,
			);
			path = FoodtruckUITests;
			sourceTree = "<group>";
		};
/* End PBXGroup section */

/* Begin PBXNativeTarget section */
		2059A5CA243A64490003F3DE /* Foodtruck */ = {
			isa = PBXNativeTarget;
			buildConfigurationList = 2059A5F5243A644E0003F3DE /* Build configuration list for PBXNativeTarget "Foodtruck" */;
			buildPhases = (
				2059A5C7243A64490003F3DE /* Sources */,
				2059A5C8243A64490003F3DE /* Frameworks */,
				2059A5C9243A64490003F3DE /* Resources */,
			);
			buildRules = (
			);
			dependencies = (
			);
			name = Foodtruck;
			productName = Foodtruck;
			productReference = 2059A5CB243A64490003F3DE /* Foodtruck.app */;
			productType = "com.apple.product-type.application";
		};
		2059A5E0243A644E0003F3DE /* FoodtruckTests */ = {
			isa = PBXNativeTarget;
			buildConfigurationList = 2059A5F8243A644E0003F3DE /* Build configuration list for PBXNativeTarget "FoodtruckTests" */;
			buildPhases = (
				2059A5DD243A644E0003F3DE /* Sources */,
				2059A5DE243A644E0003F3DE /* Frameworks */,
				2059A5DF243A644E0003F3DE /* Resources */,
			);
			buildRules = (
			);
			dependencies = (
				2059A5E3243A644E0003F3DE /* PBXTargetDependency */,
			);
			name = FoodtruckTests;
			productName = FoodtruckTests;
			productReference = 2059A5E1243A644E0003F3DE /* FoodtruckTests.xctest */;
			productType = "com.apple.product-type.bundle.unit-test";
		};
		2059A5EB243A644E0003F3DE /* FoodtruckUITests */ = {
			isa = PBXNativeTarget;
			buildConfigurationList = 2059A5FB243A644E0003F3DE /* Build configuration list for PBXNativeTarget "FoodtruckUITests" */;
			buildPhases = (
				2059A5E8243A644E0003F3DE /* Sources */,
				2059A5E9243A644E0003F3DE /* Frameworks */,
				2059A5EA243A644E0003F3DE /* Resources */,
			);
			buildRules = (
			);
			dependencies = (
				2059A5EE243A644E0003F3DE /* PBXTargetDependency */,
			);
			name = FoodtruckUITests;
			productName = FoodtruckUITests;
			productReference = 2059A5EC243A644E0003F3DE /* FoodtruckUITests.xctest */;
			productType = "com.apple.product-type.bundle.ui-testing";
		};
/* End PBXNativeTarget section */

/* Begin PBXProject section */
		2059A5C3243A64490003F3DE /* Project object */ = {
			isa = PBXProject;
			attributes = {
				LastSwiftUpdateCheck = 1120;
				LastUpgradeCheck = 1120;
				ORGANIZATIONNAME = "Thomas Erlendson";
				TargetAttributes = {
					2059A5CA243A64490003F3DE = {
						CreatedOnToolsVersion = 11.2.1;
					};
					2059A5E0243A644E0003F3DE = {
						CreatedOnToolsVersion = 11.2.1;
						TestTargetID = 2059A5CA243A64490003F3DE;
					};
					2059A5EB243A644E0003F3DE = {
						CreatedOnToolsVersion = 11.2.1;
						TestTargetID = 2059A5CA243A64490003F3DE;
					};
				};
			};
			buildConfigurationList = 2059A5C6243A64490003F3DE /* Build configuration list for PBXProject "Foodtruck" */;
			compatibilityVersion = "Xcode 9.3";
			developmentRegion = en;
			hasScannedForEncodings = 0;
			knownRegions = (
				en,
				Base,
			);
			mainGroup = 2059A5C2243A64490003F3DE;
			productRefGroup = 2059A5CC243A64490003F3DE /* Products */;
			projectDirPath = "";
			projectRoot = "";
			targets = (
				2059A5CA243A64490003F3DE /* Foodtruck */,
				2059A5E0243A644E0003F3DE /* FoodtruckTests */,
				2059A5EB243A644E0003F3DE /* FoodtruckUITests */,
			);
		};
/* End PBXProject section */

/* Begin PBXResourcesBuildPhase section */
		2059A5C9243A64490003F3DE /* Resources */ = {
			isa = PBXResourcesBuildPhase;
			buildActionMask = 2147483647;
			files = (
				2059A5DB243A644D0003F3DE /* LaunchScreen.storyboard in Resources */,
				2059A5D8243A644D0003F3DE /* Preview Assets.xcassets in Resources */,
				2059A5D5243A644D0003F3DE /* Assets.xcassets in Resources */,
			);
			runOnlyForDeploymentPostprocessing = 0;
		};
		2059A5DF243A644E0003F3DE /* Resources */ = {
			isa = PBXResourcesBuildPhase;
			buildActionMask = 2147483647;
			files = (
			);
			runOnlyForDeploymentPostprocessing = 0;
		};
		2059A5EA243A644E0003F3DE /* Resources */ = {
			isa = PBXResourcesBuildPhase;
			buildActionMask = 2147483647;
			files = (
			);
			runOnlyForDeploymentPostprocessing = 0;
		};
/* End PBXResourcesBuildPhase section */

/* Begin PBXSourcesBuildPhase section */
		2059A5C7243A64490003F3DE /* Sources */ = {
			isa = PBXSourcesBuildPhase;
			buildActionMask = 2147483647;
			files = (
				2059A5CF243A64490003F3DE /* AppDelegate.swift in Sources */,
				2059A5D1243A64490003F3DE /* SceneDelegate.swift in Sources */,
				2059A5D3243A64490003F3DE /* ContentView.swift in Sources */,
			);
			runOnlyForDeploymentPostprocessing = 0;
		};
		2059A5DD243A644E0003F3DE /* Sources */ = {
			isa = PBXSourcesBuildPhase;
			buildActionMask = 2147483647;
			files = (
				2059A5E6243A644E0003F3DE /* FoodtruckTests.swift in Sources */,
			);
			runOnlyForDeploymentPostprocessing = 0;
		};
		2059A5E8243A644E0003F3DE /* Sources */ = {
			isa = PBXSourcesBuildPhase;
			buildActionMask = 2147483647;
			files = (
				2059A5F1243A644E0003F3DE /* FoodtruckUITests.swift in Sources */,
			);
			runOnlyForDeploymentPostprocessing = 0;
		};
/* End PBXSourcesBuildPhase section */

/* Begin PBXTargetDependency section */
		2059A5E3243A644E0003F3DE /* PBXTargetDependency */ = {
			isa = PBXTargetDependency;
			target = 2059A5CA243A64490003F3DE /* Foodtruck */;
			targetProxy = 2059A5E2243A644E0003F3DE /* PBXContainerItemProxy */;
		};
		2059A5EE243A644E0003F3DE /* PBXTargetDependency */ = {
			isa = PBXTargetDependency;
			target = 2059A5CA243A64490003F3DE /* Foodtruck */;
			targetProxy = 2059A5ED243A644E0003F3DE /* PBXContainerItemProxy */;
		};
/* End PBXTargetDependency section */

/* Begin PBXVariantGroup section */
		2059A5D9243A644D0003F3DE /* LaunchScreen.storyboard */ = {
			isa = PBXVariantGroup;
			children = (
				2059A5DA243A644D0003F3DE /* Base */,
			);
			name = LaunchScreen.storyboard;
			sourceTree = "<group>";
		};
/* End PBXVariantGroup section */

/* Begin XCBuildConfiguration section */
		2059A5F3243A644E0003F3DE /* Debug */ = {
			isa = XCBuildConfiguration;
			buildSettings = {
				ALWAYS_SEARCH_USER_PATHS = NO;
				CLANG_ANALYZER_NONNULL = YES;
				CLANG_ANALYZER_NUMBER_OBJECT_CONVERSION = YES_AGGRESSIVE;
				CLANG_CXX_LANGUAGE_STANDARD = "gnu++14";
				CLANG_CXX_LIBRARY = "libc++";
				CLANG_ENABLE_MODULES = YES;
				CLANG_ENABLE_OBJC_ARC = YES;
				CLANG_ENABLE_OBJC_WEAK = YES;
				CLANG_WARN_BLOCK_CAPTURE_AUTORELEASING = YES;
				CLANG_WARN_BOOL_CONVERSION = YES;
				CLANG_WARN_COMMA = YES;
				CLANG_WARN_CONSTANT_CONVERSION = YES;
				CLANG_WARN_DEPRECATED_OBJC_IMPLEMENTATIONS = YES;
				CLANG_WARN_DIRECT_OBJC_ISA_USAGE = YES_ERROR;
				CLANG_WARN_DOCUMENTATION_COMMENTS = YES;
				CLANG_WARN_EMPTY_BODY = YES;
				CLANG_WARN_ENUM_CONVERSION = YES;
				CLANG_WARN_INFINITE_RECURSION = YES;
				CLANG_WARN_INT_CONVERSION = YES;
				CLANG_WARN_NON_LITERAL_NULL_CONVERSION = YES;
				CLANG_WARN_OBJC_IMPLICIT_RETAIN_SELF = YES;
				CLANG_WARN_OBJC_LITERAL_CONVERSION = YES;
				CLANG_WARN_OBJC_ROOT_CLASS = YES_ERROR;
				CLANG_WARN_RANGE_LOOP_ANALYSIS = YES;
				CLANG_WARN_STRICT_PROTOTYPES = YES;
				CLANG_WARN_SUSPICIOUS_MOVE = YES;
				CLANG_WARN_UNGUARDED_AVAILABILITY = YES_AGGRESSIVE;
				CLANG_WARN_UNREACHABLE_CODE = YES;
				CLANG_WARN__DUPLICATE_METHOD_MATCH = YES;
				COPY_PHASE_STRIP = NO;
				DEBUG_INFORMATION_FORMAT = dwarf;
				ENABLE_STRICT_OBJC_MSGSEND = YES;
				ENABLE_TESTABILITY = YES;
				GCC_C_LANGUAGE_STANDARD = gnu11;
				GCC_DYNAMIC_NO_PIC = NO;
				GCC_NO_COMMON_BLOCKS = YES;
				GCC_OPTIMIZATION_LEVEL = 0;
				GCC_PREPROCESSOR_DEFINITIONS = (
					"DEBUG=1",
					"$(inherited)",
				);
				GCC_WARN_64_TO_32_BIT_CONVERSION = YES;
				GCC_WARN_ABOUT_RETURN_TYPE = YES_ERROR;
				GCC_WARN_UNDECLARED_SELECTOR = YES;
				GCC_WARN_UNINITIALIZED_AUTOS = YES_AGGRESSIVE;
				GCC_WARN_UNUSED_FUNCTION = YES;
				GCC_WARN_UNUSED_VARIABLE = YES;
				IPHONEOS_DEPLOYMENT_TARGET = 13.2;
				MTL_ENABLE_DEBUG_INFO = INCLUDE_SOURCE;
				MTL_FAST_MATH = YES;
				ONLY_ACTIVE_ARCH = YES;
				SDKROOT = iphoneos;
				SWIFT_ACTIVE_COMPILATION_CONDITIONS = DEBUG;
				SWIFT_OPTIMIZATION_LEVEL = "-Onone";
			};
			name = Debug;
		};
		2059A5F4243A644E0003F3DE /* Release */ = {
			isa = XCBuildConfiguration;
			buildSettings = {
				ALWAYS_SEARCH_USER_PATHS = NO;
				CLANG_ANALYZER_NONNULL = YES;
				CLANG_ANALYZER_NUMBER_OBJECT_CONVERSION = YES_AGGRESSIVE;
				CLANG_CXX_LANGUAGE_STANDARD = "gnu++14";
				CLANG_CXX_LIBRARY = "libc++";
				CLANG_ENABLE_MODULES = YES;
				CLANG_ENABLE_OBJC_ARC = YES;
				CLANG_ENABLE_OBJC_WEAK = YES;
				CLANG_WARN_BLOCK_CAPTURE_AUTORELEASING = YES;
				CLANG_WARN_BOOL_CONVERSION = YES;
				CLANG_WARN_COMMA = YES;
				CLANG_WARN_CONSTANT_CONVERSION = YES;
				CLANG_WARN_DEPRECATED_OBJC_IMPLEMENTATIONS = YES;
				CLANG_WARN_DIRECT_OBJC_ISA_USAGE = YES_ERROR;
				CLANG_WARN_DOCUMENTATION_COMMENTS = YES;
				CLANG_WARN_EMPTY_BODY = YES;
				CLANG_WARN_ENUM_CONVERSION = YES;
				CLANG_WARN_INFINITE_RECURSION = YES;
				CLANG_WARN_INT_CONVERSION = YES;
				CLANG_WARN_NON_LITERAL_NULL_CONVERSION = YES;
				CLANG_WARN_OBJC_IMPLICIT_RETAIN_SELF = YES;
				CLANG_WARN_OBJC_LITERAL_CONVERSION = YES;
				CLANG_WARN_OBJC_ROOT_CLASS = YES_ERROR;
				CLANG_WARN_RANGE_LOOP_ANALYSIS = YES;
				CLANG_WARN_STRICT_PROTOTYPES = YES;
				CLANG_WARN_SUSPICIOUS_MOVE = YES;
				CLANG_WARN_UNGUARDED_AVAILABILITY = YES_AGGRESSIVE;
				CLANG_WARN_UNREACHABLE_CODE = YES;
				CLANG_WARN__DUPLICATE_METHOD_MATCH = YES;
				COPY_PHASE_STRIP = NO;
				DEBUG_INFORMATION_FORMAT = "dwarf-with-dsym";
				ENABLE_NS_ASSERTIONS = NO;
				ENABLE_STRICT_OBJC_MSGSEND = YES;
				GCC_C_LANGUAGE_STANDARD = gnu11;
				GCC_NO_COMMON_BLOCKS = YES;
				GCC_WARN_64_TO_32_BIT_CONVERSION = YES;
				GCC_WARN_ABOUT_RETURN_TYPE = YES_ERROR;
				GCC_WARN_UNDECLARED_SELECTOR = YES;
				GCC_WARN_UNINITIALIZED_AUTOS = YES_AGGRESSIVE;
				GCC_WARN_UNUSED_FUNCTION = YES;
				GCC_WARN_UNUSED_VARIABLE = YES;
				IPHONEOS_DEPLOYMENT_TARGET = 13.2;
				MTL_ENABLE_DEBUG_INFO = NO;
				MTL_FAST_MATH = YES;
				SDKROOT = iphoneos;
				SWIFT_COMPILATION_MODE = wholemodule;
				SWIFT_OPTIMIZATION_LEVEL = "-O";
				VALIDATE_PRODUCT = YES;
			};
			name = Release;
		};
		2059A5F6243A644E0003F3DE /* Debug */ = {
			isa = XCBuildConfiguration;
			buildSettings = {
				ASSETCATALOG_COMPILER_APPICON_NAME = AppIcon;
				CODE_SIGN_STYLE = Automatic;
				DEVELOPMENT_ASSET_PATHS = "\"Foodtruck/Preview Content\"";
				ENABLE_PREVIEWS = YES;
				INFOPLIST_FILE = Foodtruck/Info.plist;
				LD_RUNPATH_SEARCH_PATHS = (
					"$(inherited)",
					"@executable_path/Frameworks",
				);
				PRODUCT_BUNDLE_IDENTIFIER = com.seantom.Foodtruck;
				PRODUCT_NAME = "$(TARGET_NAME)";
				SWIFT_VERSION = 5.0;
				TARGETED_DEVICE_FAMILY = "1,2";
			};
			name = Debug;
		};
		2059A5F7243A644E0003F3DE /* Release */ = {
			isa = XCBuildConfiguration;
			buildSettings = {
				ASSETCATALOG_COMPILER_APPICON_NAME = AppIcon;
				CODE_SIGN_STYLE = Automatic;
				DEVELOPMENT_ASSET_PATHS = "\"Foodtruck/Preview Content\"";
				ENABLE_PREVIEWS = YES;
				INFOPLIST_FILE = Foodtruck/Info.plist;
				LD_RUNPATH_SEARCH_PATHS = (
					"$(inherited)",
					"@executable_path/Frameworks",
				);
				PRODUCT_BUNDLE_IDENTIFIER = com.seantom.Foodtruck;
				PRODUCT_NAME = "$(TARGET_NAME)";
				SWIFT_VERSION = 5.0;
				TARGETED_DEVICE_FAMILY = "1,2";
			};
			name = Release;
		};
		2059A5F9243A644E0003F3DE /* Debug */ = {
			isa = XCBuildConfiguration;
			buildSettings = {
				ALWAYS_EMBED_SWIFT_STANDARD_LIBRARIES = YES;
				BUNDLE_LOADER = "$(TEST_HOST)";
				CODE_SIGN_STYLE = Automatic;
				INFOPLIST_FILE = FoodtruckTests/Info.plist;
				IPHONEOS_DEPLOYMENT_TARGET = 13.2;
				LD_RUNPATH_SEARCH_PATHS = (
					"$(inherited)",
					"@executable_path/Frameworks",
					"@loader_path/Frameworks",
				);
				PRODUCT_BUNDLE_IDENTIFIER = com.seantom.FoodtruckTests;
				PRODUCT_NAME = "$(TARGET_NAME)";
				SWIFT_VERSION = 5.0;
				TARGETED_DEVICE_FAMILY = "1,2";
				TEST_HOST = "$(BUILT_PRODUCTS_DIR)/Foodtruck.app/Foodtruck";
			};
			name = Debug;
		};
		2059A5FA243A644E0003F3DE /* Release */ = {
			isa = XCBuildConfiguration;
			buildSettings = {
				ALWAYS_EMBED_SWIFT_STANDARD_LIBRARIES = YES;
				BUNDLE_LOADER = "$(TEST_HOST)";
				CODE_SIGN_STYLE = Automatic;
				INFOPLIST_FILE = FoodtruckTests/Info.plist;
				IPHONEOS_DEPLOYMENT_TARGET = 13.2;
				LD_RUNPATH_SEARCH_PATHS = (
					"$(inherited)",
					"@executable_path/Frameworks",
					"@loader_path/Frameworks",
				);
				PRODUCT_BUNDLE_IDENTIFIER = com.seantom.FoodtruckTests;
				PRODUCT_NAME = "$(TARGET_NAME)";
				SWIFT_VERSION = 5.0;
				TARGETED_DEVICE_FAMILY = "1,2";
				TEST_HOST = "$(BUILT_PRODUCTS_DIR)/Foodtruck.app/Foodtruck";
			};
			name = Release;
		};
		2059A5FC243A644E0003F3DE /* Debug */ = {
			isa = XCBuildConfiguration;
			buildSettings = {
				ALWAYS_EMBED_SWIFT_STANDARD_LIBRARIES = YES;
				CODE_SIGN_STYLE = Automatic;
				INFOPLIST_FILE = FoodtruckUITests/Info.plist;
				LD_RUNPATH_SEARCH_PATHS = (
					"$(inherited)",
					"@executable_path/Frameworks",
					"@loader_path/Frameworks",
				);
				PRODUCT_BUNDLE_IDENTIFIER = com.seantom.FoodtruckUITests;
				PRODUCT_NAME = "$(TARGET_NAME)";
				SWIFT_VERSION = 5.0;
				TARGETED_DEVICE_FAMILY = "1,2";
				TEST_TARGET_NAME = Foodtruck;
			};
			name = Debug;
		};
		2059A5FD243A644E0003F3DE /* Release */ = {
			isa = XCBuildConfiguration;
			buildSettings = {
				ALWAYS_EMBED_SWIFT_STANDARD_LIBRARIES = YES;
				CODE_SIGN_STYLE = Automatic;
				INFOPLIST_FILE = FoodtruckUITests/Info.plist;
				LD_RUNPATH_SEARCH_PATHS = (
					"$(inherited)",
					"@executable_path/Frameworks",
					"@loader_path/Frameworks",
				);
				PRODUCT_BUNDLE_IDENTIFIER = com.seantom.FoodtruckUITests;
				PRODUCT_NAME = "$(TARGET_NAME)";
				SWIFT_VERSION = 5.0;
				TARGETED_DEVICE_FAMILY = "1,2";
				TEST_TARGET_NAME = Foodtruck;
			};
			name = Release;
		};
/* End XCBuildConfiguration section */

/* Begin XCConfigurationList section */
		2059A5C6243A64490003F3DE /* Build configuration list for PBXProject "Foodtruck" */ = {
			isa = XCConfigurationList;
			buildConfigurations = (
				2059A5F3243A644E0003F3DE /* Debug */,
				2059A5F4243A644E0003F3DE /* Release */,
			);
			defaultConfigurationIsVisible = 0;
			defaultConfigurationName = Release;
		};
		2059A5F5243A644E0003F3DE /* Build configuration list for PBXNativeTarget "Foodtruck" */ = {
			isa = XCConfigurationList;
			buildConfigurations = (
				2059A5F6243A644E0003F3DE /* Debug */,
				2059A5F7243A644E0003F3DE /* Release */,
			);
			defaultConfigurationIsVisible = 0;
			defaultConfigurationName = Release;
		};
		2059A5F8243A644E0003F3DE /* Build configuration list for PBXNativeTarget "FoodtruckTests" */ = {
			isa = XCConfigurationList;
			buildConfigurations = (
				2059A5F9243A644E0003F3DE /* Debug */,
				2059A5FA243A644E0003F3DE /* Release */,
			);
			defaultConfigurationIsVisible = 0;
			defaultConfigurationName = Release;
		};
		2059A5FB243A644E0003F3DE /* Build configuration list for PBXNativeTarget "FoodtruckUITests" */ = {
			isa = XCConfigurationList;
			buildConfigurations = (
				2059A5FC243A644E0003F3DE /* Debug */,
				2059A5FD243A644E0003F3DE /* Release */,
			);
			defaultConfigurationIsVisible = 0;
			defaultConfigurationName = Release;
		};
/* End XCConfigurationList section */
	};
	rootObject = 2059A5C3243A64490003F3DE /* Project object */;
}
